
Microsoft Visual Studio Solution File, Format Version 12.00
# Visual Studio Version 16
VisualStudioVersion = 16.0.31129.286
MinimumVisualStudioVersion = 10.0.40219.1
Project("{9A19103F-16F7-4668-BE54-9A1E7A4F7556}") = "PublicApi", "PublicApi\PublicApi.csproj", "{85805112-4508-4B9C-B4BC-CF08440F0B13}"
EndProject
Project("{2150E333-8FDC-42A3-9474-1A3956D46DE8}") = "1-Introduction", "1-Introduction", "{3B3E958D-233B-42EC-B883-F839D7D93F97}"
EndProject
Project("{2150E333-8FDC-42A3-9474-1A3956D46DE8}") = "Before", "Before", "{7FB04350-0822-43B4-A220-A9C97900F84B}"
EndProject
Project("{2150E333-8FDC-42A3-9474-1A3956D46DE8}") = "After", "After", "{3B541B9B-81B8-4108-A1FC-6AE15CA86AF1}"
EndProject
Project("{2150E333-8FDC-42A3-9474-1A3956D46DE8}") = "2-Refactoring", "2-Refactoring", "{A98FBAE1-93D3-4BB8-B111-08262F2E1BDF}"
EndProject
Project("{2150E333-8FDC-42A3-9474-1A3956D46DE8}") = "3-Core", "3-Core", "{70544410-4D8D-463D-AD08-E6E586428784}"
EndProject
Project("{2150E333-8FDC-42A3-9474-1A3956D46DE8}") = "4-Extras", "4-Extras", "{CBEF87E1-1032-4310-83A4-D63BA519619F}"
EndProject
Project("{2150E333-8FDC-42A3-9474-1A3956D46DE8}") = "5-Additional", "5-Additional", "{F0A23A89-666E-42B2-9C10-D65450CD5E85}"
EndProject
Project("{2150E333-8FDC-42A3-9474-1A3956D46DE8}") = "6-Scenarios", "6-Scenarios", "{92B3C373-D649-47C6-849B-F4F7F94F1B17}"
EndProject
Project("{2150E333-8FDC-42A3-9474-1A3956D46DE8}") = "Before", "Before", "{A57B4D1C-76F3-4379-B312-9B7BE1EDEC30}"
EndProject
Project("{2150E333-8FDC-42A3-9474-1A3956D46DE8}") = "After", "After", "{074A44E6-4187-4C9D-A4A0-FBC5BAA33064}"
EndProject
Project("{2150E333-8FDC-42A3-9474-1A3956D46DE8}") = "Before", "Before", "{5DB38638-5712-4EC5-A5FA-16B52F4523F5}"
EndProject
Project("{2150E333-8FDC-42A3-9474-1A3956D46DE8}") = "After", "After", "{0DE19B6A-06EE-4F39-9C81-83B84407AE7E}"
EndProject
Project("{2150E333-8FDC-42A3-9474-1A3956D46DE8}") = "Before", "Before", "{5B9C6778-61FE-457A-BF22-DD65E8E4D03A}"
EndProject
Project("{2150E333-8FDC-42A3-9474-1A3956D46DE8}") = "After", "After", "{8C906D70-AF4A-4F66-B454-9DC0A16F90EE}"
EndProject
Project("{2150E333-8FDC-42A3-9474-1A3956D46DE8}") = "Before", "Before", "{1E541A91-6567-4526-968F-431550343AB7}"
EndProject
Project("{2150E333-8FDC-42A3-9474-1A3956D46DE8}") = "After", "After", "{374BF9B3-207B-4FC1-A4CC-BE4B34F25DF9}"
EndProject
Project("{2150E333-8FDC-42A3-9474-1A3956D46DE8}") = "Before", "Before", "{BEEFF3AD-6B6A-4E94-BFA5-97ABEEE5ACDC}"
EndProject
Project("{2150E333-8FDC-42A3-9474-1A3956D46DE8}") = "After", "After", "{42EBFCA1-19DD-4865-AE11-A295E770CDDE}"
EndProject
Project("{FAE04EC0-301F-11D3-BF4B-00C04F79EFBC}") = "WhyMvvm", "1-Introduction\Before\WhyMvvm\WhyMvvm.csproj", "{9B5FEDA6-F5E4-402A-895A-683BA81F9449}"
EndProject
Project("{FAE04EC0-301F-11D3-BF4B-00C04F79EFBC}") = "WhyMvvm", "1-Introduction\After\WhyMvvm\WhyMvvm.csproj", "{D2CD0290-608E-4B05-A1F2-26B0DFDAC15A}"
EndProject
Project("{FAE04EC0-301F-11D3-BF4B-00C04F79EFBC}") = "WhyMvvm", "2-Refactoring\Before\WhyMvvm\WhyMvvm.csproj", "{AF5D1E88-4C43-4DFD-8032-E77E359C7142}"
EndProject
Project("{FAE04EC0-301F-11D3-BF4B-00C04F79EFBC}") = "WhyMvvm", "2-Refactoring\After\WhyMvvm\WhyMvvm.csproj", "{6528588B-FBA5-4526-8A21-BAEF783912F1}"
EndProject
Project("{FAE04EC0-301F-11D3-BF4B-00C04F79EFBC}") = "WhyMvvm.Test", "2-Refactoring\After\WhyMvvm.Test\WhyMvvm.Test.csproj", "{B6ADF819-0A7F-42C6-93F7-369ADA4347F5}"
EndProject
Project("{2150E333-8FDC-42A3-9474-1A3956D46DE8}") = "ViewModelBase", "ViewModelBase", "{284D7EBD-7376-4BCB-B19E-261212271117}"
EndProject
Project("{2150E333-8FDC-42A3-9474-1A3956D46DE8}") = "ViewModelBase", "ViewModelBase", "{A77E5F02-E997-422A-9531-D47848FE96C7}"
EndProject
Project("{2150E333-8FDC-42A3-9474-1A3956D46DE8}") = "Commanding", "Commanding", "{C7301C58-82A6-4B15-8CAD-CDF18D3FACE9}"
EndProject
Project("{2150E333-8FDC-42A3-9474-1A3956D46DE8}") = "DispatcherHelper", "DispatcherHelper", "{36949612-D785-4313-93C6-863FCF2C566E}"
EndProject
Project("{2150E333-8FDC-42A3-9474-1A3956D46DE8}") = "Messenger", "Messenger", "{F518BA51-28CA-4773-8491-0B247AACB733}"
EndProject
Project("{2150E333-8FDC-42A3-9474-1A3956D46DE8}") = "RelayCommanding", "RelayCommanding", "{30734340-1627-4C77-A069-A4C401596BE8}"
EndProject
Project("{FAE04EC0-301F-11D3-BF4B-00C04F79EFBC}") = "WhyMvvm", "3-Core\Before\ViewModelBase\WhyMvvm\WhyMvvm.csproj", "{9302AFF4-802D-45FF-BF0D-F8C026DE3306}"
EndProject
Project("{FAE04EC0-301F-11D3-BF4B-00C04F79EFBC}") = "WhyMvvm.Test", "3-Core\Before\ViewModelBase\WhyMvvm.Test\WhyMvvm.Test.csproj", "{FD272258-5E90-4D22-9267-796C9D0738DA}"
EndProject
Project("{FAE04EC0-301F-11D3-BF4B-00C04F79EFBC}") = "WhyMvvm", "3-Core\After\ViewModelBase\WhyMvvm\WhyMvvm.csproj", "{2720AD84-337E-418C-9434-EA60E7857F19}"
EndProject
Project("{FAE04EC0-301F-11D3-BF4B-00C04F79EFBC}") = "WhyMvvm.Test", "3-Core\After\ViewModelBase\WhyMvvm.Test\WhyMvvm.Test.csproj", "{7C309ECC-5FCB-4617-9B50-C8781CF0CA08}"
EndProject
Project("{FAE04EC0-301F-11D3-BF4B-00C04F79EFBC}") = "Commanding", "3-Core\After\Commanding\Commanding\Commanding.csproj", "{C8C516F1-458E-46EF-A1C6-DFFB3A462AD4}"
EndProject
Project("{FAE04EC0-301F-11D3-BF4B-00C04F79EFBC}") = "RelayCommanding", "3-Core\After\RelayCommanding\RelayCommanding.csproj", "{9333086B-ABF9-4501-95F4-2BBAC1DE8333}"
EndProject
Project("{FAE04EC0-301F-11D3-BF4B-00C04F79EFBC}") = "MessengerSample", "3-Core\After\Messenger\MessengerSample\MessengerSample.csproj", "{69431A36-E7C8-4164-83A1-0EDFA4F8D4B0}"
EndProject
Project("{FAE04EC0-301F-11D3-BF4B-00C04F79EFBC}") = "DispatcherHelperSample", "3-Core\After\DispatcherHelper\DispatcherHelperSample\DispatcherHelperSample.csproj", "{B93EB560-6356-46DB-9266-112DC588CEA5}"
EndProject
Project("{2150E333-8FDC-42A3-9474-1A3956D46DE8}") = "View-ViewModel", "View-ViewModel", "{8F5374BF-811E-4BA4-8EEA-E95EFD7CE0C8}"
EndProject
Project("{2150E333-8FDC-42A3-9474-1A3956D46DE8}") = "SimpleIoc", "SimpleIoc", "{45DF95C2-1F86-4EB1-8DF7-005CEE4403E2}"
EndProject
Project("{2150E333-8FDC-42A3-9474-1A3956D46DE8}") = "SimpleIoc", "SimpleIoc", "{82EF2060-A737-423B-9B5B-745738839A74}"
EndProject
Project("{2150E333-8FDC-42A3-9474-1A3956D46DE8}") = "View-ViewModel", "View-ViewModel", "{288E17CF-3813-422F-AE48-4CBD731ED058}"
EndProject
Project("{2150E333-8FDC-42A3-9474-1A3956D46DE8}") = "EventToCommand", "EventToCommand", "{E073E01E-9D3F-450D-9C9A-99DD2AB89E3C}"
EndProject
Project("{2150E333-8FDC-42A3-9474-1A3956D46DE8}") = "EventToCommand", "EventToCommand", "{FFCC60AA-522C-454F-9521-4BEA2DDF7A48}"
EndProject
Project("{FAE04EC0-301F-11D3-BF4B-00C04F79EFBC}") = "WhyMvvm", "4-Extras\Before\View-ViewModel\WhyMvvm\WhyMvvm.csproj", "{91F86B4B-182A-42A4-9BA1-AC430E4A1066}"
EndProject
Project("{FAE04EC0-301F-11D3-BF4B-00C04F79EFBC}") = "WhyMvvm.Test", "4-Extras\Before\View-ViewModel\WhyMvvm.Test\WhyMvvm.Test.csproj", "{EEC67D51-BEB6-457E-876A-388FFAB581E2}"
EndProject
Project("{FAE04EC0-301F-11D3-BF4B-00C04F79EFBC}") = "WhyMvvm", "4-Extras\After\View-ViewModel\WhyMvvm\WhyMvvm.csproj", "{B20AC9EF-9459-4660-A28E-35F6C0106160}"
EndProject
Project("{FAE04EC0-301F-11D3-BF4B-00C04F79EFBC}") = "WhyMvvm.Test", "4-Extras\After\View-ViewModel\WhyMvvm.Test\WhyMvvm.Test.csproj", "{83C10988-2111-490D-9D18-497BED5C3B2E}"
EndProject
Project("{FAE04EC0-301F-11D3-BF4B-00C04F79EFBC}") = "WhyMvvm", "4-Extras\Before\SimpleIoc\WhyMvvm\WhyMvvm.csproj", "{E03B9E7D-9456-4CC6-A5A0-AFE0F784939B}"
EndProject
Project("{FAE04EC0-301F-11D3-BF4B-00C04F79EFBC}") = "WhyMvvm.Test", "4-Extras\Before\SimpleIoc\WhyMvvm.Test\WhyMvvm.Test.csproj", "{83C8406D-4A41-4945-B989-E3068E80C204}"
EndProject
Project("{FAE04EC0-301F-11D3-BF4B-00C04F79EFBC}") = "WhyMvvm", "4-Extras\After\SimpleIoc\WhyMvvm\WhyMvvm.csproj", "{CB1F05F9-08AC-40BF-9195-902996A8B7E9}"
EndProject
Project("{FAE04EC0-301F-11D3-BF4B-00C04F79EFBC}") = "WhyMvvm.Test", "4-Extras\After\SimpleIoc\WhyMvvm.Test\WhyMvvm.Test.csproj", "{87FD44FE-B36F-4E79-9689-BA3E268907F6}"
EndProject
Project("{FAE04EC0-301F-11D3-BF4B-00C04F79EFBC}") = "EventToCommandSamples", "4-Extras\Before\EventToCommand\EventToCommandSamples\EventToCommandSamples.csproj", "{A0060CB9-1704-4301-BE81-0D545A9A056B}"
EndProject
Project("{FAE04EC0-301F-11D3-BF4B-00C04F79EFBC}") = "EventToCommandSamples", "4-Extras\After\EventToCommand\EventToCommandSamples\EventToCommandSamples.csproj", "{56A8852E-C43D-4DF4-B969-42F2BF851D54}"
EndProject
Project("{FAE04EC0-301F-11D3-BF4B-00C04F79EFBC}") = "EventToCommandListbox", "4-Extras\Before\EventToCommand\EventToCommandListbox\EventToCommandListbox.csproj", "{B432BBDF-0C2A-4221-8E09-6A0264B0E558}"
EndProject
Project("{FAE04EC0-301F-11D3-BF4B-00C04F79EFBC}") = "EventToCommandListbox", "4-Extras\After\EventToCommand\EventToCommandListbox\EventToCommandListbox.csproj", "{C5B682E6-04A7-4061-B192-8E6D98941253}"
EndProject
Project("{FAE04EC0-301F-11D3-BF4B-00C04F79EFBC}") = "EventToCommandDataTrigger", "4-Extras\Before\EventToCommand\EventToCommandDataTrigger\EventToCommandDataTrigger.csproj", "{6D8E892B-CF99-4F11-B77C-D221FF368927}"
EndProject
Project("{FAE04EC0-301F-11D3-BF4B-00C04F79EFBC}") = "EventToCommandDataTrigger.Vm", "4-Extras\Before\EventToCommand\EventToCommandDataTrigger.Vm\EventToCommandDataTrigger.Vm.csproj", "{1E16129C-D927-40DB-B62D-65236533217B}"
EndProject
Project("{FAE04EC0-301F-11D3-BF4B-00C04F79EFBC}") = "EventToCommandDataTrigger.Vm", "4-Extras\After\EventToCommand\EventToCommandDataTrigger.Vm\EventToCommandDataTrigger.Vm.csproj", "{B96AE988-2E6F-4AA5-9547-CA1A44194295}"
EndProject
Project("{FAE04EC0-301F-11D3-BF4B-00C04F79EFBC}") = "EventToCommandDataTrigger", "4-Extras\After\EventToCommand\EventToCommandDataTrigger\EventToCommandDataTrigger.csproj", "{2C55D859-B811-487F-8498-3112CD77CBDF}"
EndProject
Project("{2150E333-8FDC-42A3-9474-1A3956D46DE8}") = "NugetIntro", "NugetIntro", "{4CDA8DEE-5204-4A88-84AB-6CC13EF8412B}"
EndProject
Project("{2150E333-8FDC-42A3-9474-1A3956D46DE8}") = "NugetFull", "NugetFull", "{6D37CF58-5C91-473E-9C00-FF741927F7BC}"
EndProject
Project("{2150E333-8FDC-42A3-9474-1A3956D46DE8}") = "NugetIntro", "NugetIntro", "{5B62473F-EC1F-4498-8821-CA0205EEE22B}"
EndProject
Project("{2150E333-8FDC-42A3-9474-1A3956D46DE8}") = "NugetLibsOnly", "NugetLibsOnly", "{1D70A13C-7F4D-4500-9C26-A55C92C7AED9}"
EndProject
Project("{2150E333-8FDC-42A3-9474-1A3956D46DE8}") = "SnippetsSample", "SnippetsSample", "{2ABAD49D-AB9C-42AE-8755-FF7A4D0E50CE}"
EndProject
Project("{FAE04EC0-301F-11D3-BF4B-00C04F79EFBC}") = "NugetIntro", "5-Additional\Before\NugetIntro\NugetIntro\NugetIntro.csproj", "{6C6F0D36-02CB-4417-B157-3F36646A18EF}"
EndProject
Project("{FAE04EC0-301F-11D3-BF4B-00C04F79EFBC}") = "NugetIntro", "5-Additional\After\NugetIntro\NugetIntro\NugetIntro.csproj", "{7521C5EA-394A-474D-B783-F94062E8BB44}"
EndProject
Project("{FAE04EC0-301F-11D3-BF4B-00C04F79EFBC}") = "NugetLibsOnly", "5-Additional\After\NugetLibsOnly\NugetLibsOnly\NugetLibsOnly.csproj", "{34DACCD4-323E-4F09-9A2C-7DEDA4FF3669}"
EndProject
Project("{FAE04EC0-301F-11D3-BF4B-00C04F79EFBC}") = "NugetFull", "5-Additional\After\NugetFull\NugetFull\NugetFull.csproj", "{2CFBA846-0531-4409-8283-A4875589F300}"
EndProject
Project("{FAE04EC0-301F-11D3-BF4B-00C04F79EFBC}") = "SnippetsSample", "5-Additional\After\SnippetsSample\SnippetsSample\SnippetsSample.csproj", "{ED437F71-46C7-4F4D-85A7-18EB0D8EB75B}"
EndProject
Global
	GlobalSection(SolutionConfigurationPlatforms) = preSolution
		Debug|Any CPU = Debug|Any CPU
		Release|Any CPU = Release|Any CPU
	EndGlobalSection
	GlobalSection(ProjectConfigurationPlatforms) = postSolution
		{85805112-4508-4B9C-B4BC-CF08440F0B13}.Debug|Any CPU.ActiveCfg = Debug|Any CPU
		{85805112-4508-4B9C-B4BC-CF08440F0B13}.Debug|Any CPU.Build.0 = Debug|Any CPU
		{85805112-4508-4B9C-B4BC-CF08440F0B13}.Release|Any CPU.ActiveCfg = Release|Any CPU
		{85805112-4508-4B9C-B4BC-CF08440F0B13}.Release|Any CPU.Build.0 = Release|Any CPU
		{9B5FEDA6-F5E4-402A-895A-683BA81F9449}.Debug|Any CPU.ActiveCfg = Debug|Any CPU
		{9B5FEDA6-F5E4-402A-895A-683BA81F9449}.Debug|Any CPU.Build.0 = Debug|Any CPU
		{9B5FEDA6-F5E4-402A-895A-683BA81F9449}.Release|Any CPU.ActiveCfg = Release|Any CPU
		{9B5FEDA6-F5E4-402A-895A-683BA81F9449}.Release|Any CPU.Build.0 = Release|Any CPU
		{D2CD0290-608E-4B05-A1F2-26B0DFDAC15A}.Debug|Any CPU.ActiveCfg = Debug|Any CPU
		{D2CD0290-608E-4B05-A1F2-26B0DFDAC15A}.Debug|Any CPU.Build.0 = Debug|Any CPU
		{D2CD0290-608E-4B05-A1F2-26B0DFDAC15A}.Release|Any CPU.ActiveCfg = Release|Any CPU
		{D2CD0290-608E-4B05-A1F2-26B0DFDAC15A}.Release|Any CPU.Build.0 = Release|Any CPU
		{AF5D1E88-4C43-4DFD-8032-E77E359C7142}.Debug|Any CPU.ActiveCfg = Debug|Any CPU
		{AF5D1E88-4C43-4DFD-8032-E77E359C7142}.Debug|Any CPU.Build.0 = Debug|Any CPU
		{AF5D1E88-4C43-4DFD-8032-E77E359C7142}.Release|Any CPU.ActiveCfg = Release|Any CPU
		{AF5D1E88-4C43-4DFD-8032-E77E359C7142}.Release|Any CPU.Build.0 = Release|Any CPU
		{6528588B-FBA5-4526-8A21-BAEF783912F1}.Debug|Any CPU.ActiveCfg = Debug|Any CPU
		{6528588B-FBA5-4526-8A21-BAEF783912F1}.Debug|Any CPU.Build.0 = Debug|Any CPU
		{6528588B-FBA5-4526-8A21-BAEF783912F1}.Release|Any CPU.ActiveCfg = Release|Any CPU
		{6528588B-FBA5-4526-8A21-BAEF783912F1}.Release|Any CPU.Build.0 = Release|Any CPU
		{B6ADF819-0A7F-42C6-93F7-369ADA4347F5}.Debug|Any CPU.ActiveCfg = Debug|Any CPU
		{B6ADF819-0A7F-42C6-93F7-369ADA4347F5}.Debug|Any CPU.Build.0 = Debug|Any CPU
		{B6ADF819-0A7F-42C6-93F7-369ADA4347F5}.Release|Any CPU.ActiveCfg = Release|Any CPU
		{B6ADF819-0A7F-42C6-93F7-369ADA4347F5}.Release|Any CPU.Build.0 = Release|Any CPU
		{9302AFF4-802D-45FF-BF0D-F8C026DE3306}.Debug|Any CPU.ActiveCfg = Debug|Any CPU
		{9302AFF4-802D-45FF-BF0D-F8C026DE3306}.Debug|Any CPU.Build.0 = Debug|Any CPU
		{9302AFF4-802D-45FF-BF0D-F8C026DE3306}.Release|Any CPU.ActiveCfg = Release|Any CPU
		{9302AFF4-802D-45FF-BF0D-F8C026DE3306}.Release|Any CPU.Build.0 = Release|Any CPU
		{FD272258-5E90-4D22-9267-796C9D0738DA}.Debug|Any CPU.ActiveCfg = Debug|Any CPU
		{FD272258-5E90-4D22-9267-796C9D0738DA}.Debug|Any CPU.Build.0 = Debug|Any CPU
		{FD272258-5E90-4D22-9267-796C9D0738DA}.Release|Any CPU.ActiveCfg = Release|Any CPU
		{FD272258-5E90-4D22-9267-796C9D0738DA}.Release|Any CPU.Build.0 = Release|Any CPU
		{2720AD84-337E-418C-9434-EA60E7857F19}.Debug|Any CPU.ActiveCfg = Debug|Any CPU
		{2720AD84-337E-418C-9434-EA60E7857F19}.Debug|Any CPU.Build.0 = Debug|Any CPU
		{2720AD84-337E-418C-9434-EA60E7857F19}.Release|Any CPU.ActiveCfg = Release|Any CPU
		{2720AD84-337E-418C-9434-EA60E7857F19}.Release|Any CPU.Build.0 = Release|Any CPU
		{7C309ECC-5FCB-4617-9B50-C8781CF0CA08}.Debug|Any CPU.ActiveCfg = Debug|Any CPU
		{7C309ECC-5FCB-4617-9B50-C8781CF0CA08}.Debug|Any CPU.Build.0 = Debug|Any CPU
		{7C309ECC-5FCB-4617-9B50-C8781CF0CA08}.Release|Any CPU.ActiveCfg = Release|Any CPU
		{7C309ECC-5FCB-4617-9B50-C8781CF0CA08}.Release|Any CPU.Build.0 = Release|Any CPU
		{C8C516F1-458E-46EF-A1C6-DFFB3A462AD4}.Debug|Any CPU.ActiveCfg = Debug|Any CPU
		{C8C516F1-458E-46EF-A1C6-DFFB3A462AD4}.Debug|Any CPU.Build.0 = Debug|Any CPU
		{C8C516F1-458E-46EF-A1C6-DFFB3A462AD4}.Release|Any CPU.ActiveCfg = Release|Any CPU
		{C8C516F1-458E-46EF-A1C6-DFFB3A462AD4}.Release|Any CPU.Build.0 = Release|Any CPU
		{9333086B-ABF9-4501-95F4-2BBAC1DE8333}.Debug|Any CPU.ActiveCfg = Debug|Any CPU
		{9333086B-ABF9-4501-95F4-2BBAC1DE8333}.Debug|Any CPU.Build.0 = Debug|Any CPU
		{9333086B-ABF9-4501-95F4-2BBAC1DE8333}.Release|Any CPU.ActiveCfg = Release|Any CPU
		{9333086B-ABF9-4501-95F4-2BBAC1DE8333}.Release|Any CPU.Build.0 = Release|Any CPU
		{69431A36-E7C8-4164-83A1-0EDFA4F8D4B0}.Debug|Any CPU.ActiveCfg = Debug|Any CPU
		{69431A36-E7C8-4164-83A1-0EDFA4F8D4B0}.Debug|Any CPU.Build.0 = Debug|Any CPU
		{69431A36-E7C8-4164-83A1-0EDFA4F8D4B0}.Release|Any CPU.ActiveCfg = Release|Any CPU
		{69431A36-E7C8-4164-83A1-0EDFA4F8D4B0}.Release|Any CPU.Build.0 = Release|Any CPU
		{B93EB560-6356-46DB-9266-112DC588CEA5}.Debug|Any CPU.ActiveCfg = Debug|Any CPU
		{B93EB560-6356-46DB-9266-112DC588CEA5}.Debug|Any CPU.Build.0 = Debug|Any CPU
		{B93EB560-6356-46DB-9266-112DC588CEA5}.Release|Any CPU.ActiveCfg = Release|Any CPU
		{B93EB560-6356-46DB-9266-112DC588CEA5}.Release|Any CPU.Build.0 = Release|Any CPU
		{91F86B4B-182A-42A4-9BA1-AC430E4A1066}.Debug|Any CPU.ActiveCfg = Debug|Any CPU
		{91F86B4B-182A-42A4-9BA1-AC430E4A1066}.Debug|Any CPU.Build.0 = Debug|Any CPU
		{91F86B4B-182A-42A4-9BA1-AC430E4A1066}.Release|Any CPU.ActiveCfg = Release|Any CPU
		{91F86B4B-182A-42A4-9BA1-AC430E4A1066}.Release|Any CPU.Build.0 = Release|Any CPU
		{EEC67D51-BEB6-457E-876A-388FFAB581E2}.Debug|Any CPU.ActiveCfg = Debug|Any CPU
		{EEC67D51-BEB6-457E-876A-388FFAB581E2}.Debug|Any CPU.Build.0 = Debug|Any CPU
		{EEC67D51-BEB6-457E-876A-388FFAB581E2}.Release|Any CPU.ActiveCfg = Release|Any CPU
		{EEC67D51-BEB6-457E-876A-388FFAB581E2}.Release|Any CPU.Build.0 = Release|Any CPU
		{B20AC9EF-9459-4660-A28E-35F6C0106160}.Debug|Any CPU.ActiveCfg = Debug|Any CPU
		{B20AC9EF-9459-4660-A28E-35F6C0106160}.Debug|Any CPU.Build.0 = Debug|Any CPU
		{B20AC9EF-9459-4660-A28E-35F6C0106160}.Release|Any CPU.ActiveCfg = Release|Any CPU
		{B20AC9EF-9459-4660-A28E-35F6C0106160}.Release|Any CPU.Build.0 = Release|Any CPU
		{83C10988-2111-490D-9D18-497BED5C3B2E}.Debug|Any CPU.ActiveCfg = Debug|Any CPU
		{83C10988-2111-490D-9D18-497BED5C3B2E}.Debug|Any CPU.Build.0 = Debug|Any CPU
		{83C10988-2111-490D-9D18-497BED5C3B2E}.Release|Any CPU.ActiveCfg = Release|Any CPU
		{83C10988-2111-490D-9D18-497BED5C3B2E}.Release|Any CPU.Build.0 = Release|Any CPU
		{E03B9E7D-9456-4CC6-A5A0-AFE0F784939B}.Debug|Any CPU.ActiveCfg = Debug|Any CPU
		{E03B9E7D-9456-4CC6-A5A0-AFE0F784939B}.Debug|Any CPU.Build.0 = Debug|Any CPU
		{E03B9E7D-9456-4CC6-A5A0-AFE0F784939B}.Release|Any CPU.ActiveCfg = Release|Any CPU
		{E03B9E7D-9456-4CC6-A5A0-AFE0F784939B}.Release|Any CPU.Build.0 = Release|Any CPU
		{83C8406D-4A41-4945-B989-E3068E80C204}.Debug|Any CPU.ActiveCfg = Debug|Any CPU
		{83C8406D-4A41-4945-B989-E3068E80C204}.Debug|Any CPU.Build.0 = Debug|Any CPU
		{83C8406D-4A41-4945-B989-E3068E80C204}.Release|Any CPU.ActiveCfg = Release|Any CPU
		{83C8406D-4A41-4945-B989-E3068E80C204}.Release|Any CPU.Build.0 = Release|Any CPU
		{CB1F05F9-08AC-40BF-9195-902996A8B7E9}.Debug|Any CPU.ActiveCfg = Debug|Any CPU
		{CB1F05F9-08AC-40BF-9195-902996A8B7E9}.Debug|Any CPU.Build.0 = Debug|Any CPU
		{CB1F05F9-08AC-40BF-9195-902996A8B7E9}.Release|Any CPU.ActiveCfg = Release|Any CPU
		{CB1F05F9-08AC-40BF-9195-902996A8B7E9}.Release|Any CPU.Build.0 = Release|Any CPU
		{87FD44FE-B36F-4E79-9689-BA3E268907F6}.Debug|Any CPU.ActiveCfg = Debug|Any CPU
		{87FD44FE-B36F-4E79-9689-BA3E268907F6}.Debug|Any CPU.Build.0 = Debug|Any CPU
		{87FD44FE-B36F-4E79-9689-BA3E268907F6}.Release|Any CPU.ActiveCfg = Release|Any CPU
		{87FD44FE-B36F-4E79-9689-BA3E268907F6}.Release|Any CPU.Build.0 = Release|Any CPU
		{A0060CB9-1704-4301-BE81-0D545A9A056B}.Debug|Any CPU.ActiveCfg = Debug|Any CPU
		{A0060CB9-1704-4301-BE81-0D545A9A056B}.Debug|Any CPU.Build.0 = Debug|Any CPU
		{A0060CB9-1704-4301-BE81-0D545A9A056B}.Release|Any CPU.ActiveCfg = Release|Any CPU
		{A0060CB9-1704-4301-BE81-0D545A9A056B}.Release|Any CPU.Build.0 = Release|Any CPU
		{56A8852E-C43D-4DF4-B969-42F2BF851D54}.Debug|Any CPU.ActiveCfg = Debug|Any CPU
		{56A8852E-C43D-4DF4-B969-42F2BF851D54}.Debug|Any CPU.Build.0 = Debug|Any CPU
		{56A8852E-C43D-4DF4-B969-42F2BF851D54}.Release|Any CPU.ActiveCfg = Release|Any CPU
		{56A8852E-C43D-4DF4-B969-42F2BF851D54}.Release|Any CPU.Build.0 = Release|Any CPU
		{B432BBDF-0C2A-4221-8E09-6A0264B0E558}.Debug|Any CPU.ActiveCfg = Debug|Any CPU
		{B432BBDF-0C2A-4221-8E09-6A0264B0E558}.Debug|Any CPU.Build.0 = Debug|Any CPU
		{B432BBDF-0C2A-4221-8E09-6A0264B0E558}.Release|Any CPU.ActiveCfg = Release|Any CPU
		{B432BBDF-0C2A-4221-8E09-6A0264B0E558}.Release|Any CPU.Build.0 = Release|Any CPU
		{C5B682E6-04A7-4061-B192-8E6D98941253}.Debug|Any CPU.ActiveCfg = Debug|Any CPU
		{C5B682E6-04A7-4061-B192-8E6D98941253}.Debug|Any CPU.Build.0 = Debug|Any CPU
		{C5B682E6-04A7-4061-B192-8E6D98941253}.Release|Any CPU.ActiveCfg = Release|Any CPU
		{C5B682E6-04A7-4061-B192-8E6D98941253}.Release|Any CPU.Build.0 = Release|Any CPU
		{6D8E892B-CF99-4F11-B77C-D221FF368927}.Debug|Any CPU.ActiveCfg = Debug|Any CPU
		{6D8E892B-CF99-4F11-B77C-D221FF368927}.Debug|Any CPU.Build.0 = Debug|Any CPU
		{6D8E892B-CF99-4F11-B77C-D221FF368927}.Release|Any CPU.ActiveCfg = Release|Any CPU
		{6D8E892B-CF99-4F11-B77C-D221FF368927}.Release|Any CPU.Build.0 = Release|Any CPU
		{1E16129C-D927-40DB-B62D-65236533217B}.Debug|Any CPU.ActiveCfg = Debug|Any CPU
		{1E16129C-D927-40DB-B62D-65236533217B}.Debug|Any CPU.Build.0 = Debug|Any CPU
		{1E16129C-D927-40DB-B62D-65236533217B}.Release|Any CPU.ActiveCfg = Release|Any CPU
		{1E16129C-D927-40DB-B62D-65236533217B}.Release|Any CPU.Build.0 = Release|Any CPU
		{B96AE988-2E6F-4AA5-9547-CA1A44194295}.Debug|Any CPU.ActiveCfg = Debug|Any CPU
		{B96AE988-2E6F-4AA5-9547-CA1A44194295}.Debug|Any CPU.Build.0 = Debug|Any CPU
		{B96AE988-2E6F-4AA5-9547-CA1A44194295}.Release|Any CPU.ActiveCfg = Release|Any CPU
		{B96AE988-2E6F-4AA5-9547-CA1A44194295}.Release|Any CPU.Build.0 = Release|Any CPU
		{2C55D859-B811-487F-8498-3112CD77CBDF}.Debug|Any CPU.ActiveCfg = Debug|Any CPU
		{2C55D859-B811-487F-8498-3112CD77CBDF}.Debug|Any CPU.Build.0 = Debug|Any CPU
		{2C55D859-B811-487F-8498-3112CD77CBDF}.Release|Any CPU.ActiveCfg = Release|Any CPU
		{2C55D859-B811-487F-8498-3112CD77CBDF}.Release|Any CPU.Build.0 = Release|Any CPU
		{6C6F0D36-02CB-4417-B157-3F36646A18EF}.Debug|Any CPU.ActiveCfg = Debug|Any CPU
		{6C6F0D36-02CB-4417-B157-3F36646A18EF}.Debug|Any CPU.Build.0 = Debug|Any CPU
		{6C6F0D36-02CB-4417-B157-3F36646A18EF}.Release|Any CPU.ActiveCfg = Release|Any CPU
		{6C6F0D36-02CB-4417-B157-3F36646A18EF}.Release|Any CPU.Build.0 = Release|Any CPU
		{7521C5EA-394A-474D-B783-F94062E8BB44}.Debug|Any CPU.ActiveCfg = Debug|Any CPU
		{7521C5EA-394A-474D-B783-F94062E8BB44}.Debug|Any CPU.Build.0 = Debug|Any CPU
		{7521C5EA-394A-474D-B783-F94062E8BB44}.Release|Any CPU.ActiveCfg = Release|Any CPU
		{7521C5EA-394A-474D-B783-F94062E8BB44}.Release|Any CPU.Build.0 = Release|Any CPU
		{34DACCD4-323E-4F09-9A2C-7DEDA4FF3669}.Debug|Any CPU.ActiveCfg = Debug|Any CPU
		{34DACCD4-323E-4F09-9A2C-7DEDA4FF3669}.Debug|Any CPU.Build.0 = Debug|Any CPU
		{34DACCD4-323E-4F09-9A2C-7DEDA4FF3669}.Release|Any CPU.ActiveCfg = Release|Any CPU
		{34DACCD4-323E-4F09-9A2C-7DEDA4FF3669}.Release|Any CPU.Build.0 = Release|Any CPU
		{2CFBA846-0531-4409-8283-A4875589F300}.Debug|Any CPU.ActiveCfg = Debug|Any CPU
		{2CFBA846-0531-4409-8283-A4875589F300}.Debug|Any CPU.Build.0 = Debug|Any CPU
		{2CFBA846-0531-4409-8283-A4875589F300}.Release|Any CPU.ActiveCfg = Release|Any CPU
		{2CFBA846-0531-4409-8283-A4875589F300}.Release|Any CPU.Build.0 = Release|Any CPU
		{ED437F71-46C7-4F4D-85A7-18EB0D8EB75B}.Debug|Any CPU.ActiveCfg = Debug|Any CPU
		{ED437F71-46C7-4F4D-85A7-18EB0D8EB75B}.Debug|Any CPU.Build.0 = Debug|Any CPU
		{ED437F71-46C7-4F4D-85A7-18EB0D8EB75B}.Release|Any CPU.ActiveCfg = Release|Any CPU
		{ED437F71-46C7-4F4D-85A7-18EB0D8EB75B}.Release|Any CPU.Build.0 = Release|Any CPU
	EndGlobalSection
	GlobalSection(SolutionProperties) = preSolution
		HideSolutionNode = FALSE
	EndGlobalSection
	GlobalSection(NestedProjects) = preSolution
		{7FB04350-0822-43B4-A220-A9C97900F84B} = {3B3E958D-233B-42EC-B883-F839D7D93F97}
		{3B541B9B-81B8-4108-A1FC-6AE15CA86AF1} = {3B3E958D-233B-42EC-B883-F839D7D93F97}
		{A57B4D1C-76F3-4379-B312-9B7BE1EDEC30} = {A98FBAE1-93D3-4BB8-B111-08262F2E1BDF}
		{074A44E6-4187-4C9D-A4A0-FBC5BAA33064} = {A98FBAE1-93D3-4BB8-B111-08262F2E1BDF}
		{5DB38638-5712-4EC5-A5FA-16B52F4523F5} = {70544410-4D8D-463D-AD08-E6E586428784}
		{0DE19B6A-06EE-4F39-9C81-83B84407AE7E} = {70544410-4D8D-463D-AD08-E6E586428784}
		{5B9C6778-61FE-457A-BF22-DD65E8E4D03A} = {CBEF87E1-1032-4310-83A4-D63BA519619F}
		{8C906D70-AF4A-4F66-B454-9DC0A16F90EE} = {CBEF87E1-1032-4310-83A4-D63BA519619F}
		{1E541A91-6567-4526-968F-431550343AB7} = {F0A23A89-666E-42B2-9C10-D65450CD5E85}
		{374BF9B3-207B-4FC1-A4CC-BE4B34F25DF9} = {F0A23A89-666E-42B2-9C10-D65450CD5E85}
		{BEEFF3AD-6B6A-4E94-BFA5-97ABEEE5ACDC} = {92B3C373-D649-47C6-849B-F4F7F94F1B17}
		{42EBFCA1-19DD-4865-AE11-A295E770CDDE} = {92B3C373-D649-47C6-849B-F4F7F94F1B17}
		{9B5FEDA6-F5E4-402A-895A-683BA81F9449} = {7FB04350-0822-43B4-A220-A9C97900F84B}
		{D2CD0290-608E-4B05-A1F2-26B0DFDAC15A} = {3B541B9B-81B8-4108-A1FC-6AE15CA86AF1}
		{AF5D1E88-4C43-4DFD-8032-E77E359C7142} = {A57B4D1C-76F3-4379-B312-9B7BE1EDEC30}
		{6528588B-FBA5-4526-8A21-BAEF783912F1} = {074A44E6-4187-4C9D-A4A0-FBC5BAA33064}
		{B6ADF819-0A7F-42C6-93F7-369ADA4347F5} = {074A44E6-4187-4C9D-A4A0-FBC5BAA33064}
		{284D7EBD-7376-4BCB-B19E-261212271117} = {5DB38638-5712-4EC5-A5FA-16B52F4523F5}
		{A77E5F02-E997-422A-9531-D47848FE96C7} = {0DE19B6A-06EE-4F39-9C81-83B84407AE7E}
		{C7301C58-82A6-4B15-8CAD-CDF18D3FACE9} = {0DE19B6A-06EE-4F39-9C81-83B84407AE7E}
		{36949612-D785-4313-93C6-863FCF2C566E} = {0DE19B6A-06EE-4F39-9C81-83B84407AE7E}
		{F518BA51-28CA-4773-8491-0B247AACB733} = {0DE19B6A-06EE-4F39-9C81-83B84407AE7E}
		{30734340-1627-4C77-A069-A4C401596BE8} = {0DE19B6A-06EE-4F39-9C81-83B84407AE7E}
		{9302AFF4-802D-45FF-BF0D-F8C026DE3306} = {284D7EBD-7376-4BCB-B19E-261212271117}
		{FD272258-5E90-4D22-9267-796C9D0738DA} = {284D7EBD-7376-4BCB-B19E-261212271117}
		{2720AD84-337E-418C-9434-EA60E7857F19} = {A77E5F02-E997-422A-9531-D47848FE96C7}
		{7C309ECC-5FCB-4617-9B50-C8781CF0CA08} = {A77E5F02-E997-422A-9531-D47848FE96C7}
		{C8C516F1-458E-46EF-A1C6-DFFB3A462AD4} = {C7301C58-82A6-4B15-8CAD-CDF18D3FACE9}
		{9333086B-ABF9-4501-95F4-2BBAC1DE8333} = {30734340-1627-4C77-A069-A4C401596BE8}
		{69431A36-E7C8-4164-83A1-0EDFA4F8D4B0} = {F518BA51-28CA-4773-8491-0B247AACB733}
		{B93EB560-6356-46DB-9266-112DC588CEA5} = {36949612-D785-4313-93C6-863FCF2C566E}
		{8F5374BF-811E-4BA4-8EEA-E95EFD7CE0C8} = {5B9C6778-61FE-457A-BF22-DD65E8E4D03A}
		{45DF95C2-1F86-4EB1-8DF7-005CEE4403E2} = {5B9C6778-61FE-457A-BF22-DD65E8E4D03A}
		{82EF2060-A737-423B-9B5B-745738839A74} = {8C906D70-AF4A-4F66-B454-9DC0A16F90EE}
		{288E17CF-3813-422F-AE48-4CBD731ED058} = {8C906D70-AF4A-4F66-B454-9DC0A16F90EE}
		{E073E01E-9D3F-450D-9C9A-99DD2AB89E3C} = {5B9C6778-61FE-457A-BF22-DD65E8E4D03A}
		{FFCC60AA-522C-454F-9521-4BEA2DDF7A48} = {8C906D70-AF4A-4F66-B454-9DC0A16F90EE}
		{91F86B4B-182A-42A4-9BA1-AC430E4A1066} = {8F5374BF-811E-4BA4-8EEA-E95EFD7CE0C8}
		{EEC67D51-BEB6-457E-876A-388FFAB581E2} = {8F5374BF-811E-4BA4-8EEA-E95EFD7CE0C8}
		{B20AC9EF-9459-4660-A28E-35F6C0106160} = {288E17CF-3813-422F-AE48-4CBD731ED058}
		{83C10988-2111-490D-9D18-497BED5C3B2E} = {288E17CF-3813-422F-AE48-4CBD731ED058}
		{E03B9E7D-9456-4CC6-A5A0-AFE0F784939B} = {45DF95C2-1F86-4EB1-8DF7-005CEE4403E2}
		{83C8406D-4A41-4945-B989-E3068E80C204} = {45DF95C2-1F86-4EB1-8DF7-005CEE4403E2}
		{CB1F05F9-08AC-40BF-9195-902996A8B7E9} = {82EF2060-A737-423B-9B5B-745738839A74}
		{87FD44FE-B36F-4E79-9689-BA3E268907F6} = {82EF2060-A737-423B-9B5B-745738839A74}
		{A0060CB9-1704-4301-BE81-0D545A9A056B} = {E073E01E-9D3F-450D-9C9A-99DD2AB89E3C}
		{56A8852E-C43D-4DF4-B969-42F2BF851D54} = {FFCC60AA-522C-454F-9521-4BEA2DDF7A48}
		{B432BBDF-0C2A-4221-8E09-6A0264B0E558} = {E073E01E-9D3F-450D-9C9A-99DD2AB89E3C}
		{C5B682E6-04A7-4061-B192-8E6D98941253} = {FFCC60AA-522C-454F-9521-4BEA2DDF7A48}
		{6D8E892B-CF99-4F11-B77C-D221FF368927} = {E073E01E-9D3F-450D-9C9A-99DD2AB89E3C}
		{1E16129C-D927-40DB-B62D-65236533217B} = {E073E01E-9D3F-450D-9C9A-99DD2AB89E3C}
		{B96AE988-2E6F-4AA5-9547-CA1A44194295} = {FFCC60AA-522C-454F-9521-4BEA2DDF7A48}
		{2C55D859-B811-487F-8498-3112CD77CBDF} = {FFCC60AA-522C-454F-9521-4BEA2DDF7A48}
		{4CDA8DEE-5204-4A88-84AB-6CC13EF8412B} = {1E541A91-6567-4526-968F-431550343AB7}
		{6D37CF58-5C91-473E-9C00-FF741927F7BC} = {374BF9B3-207B-4FC1-A4CC-BE4B34F25DF9}
		{5B62473F-EC1F-4498-8821-CA0205EEE22B} = {374BF9B3-207B-4FC1-A4CC-BE4B34F25DF9}
		{1D70A13C-7F4D-4500-9C26-A55C92C7AED9} = {374BF9B3-207B-4FC1-A4CC-BE4B34F25DF9}
		{2ABAD49D-AB9C-42AE-8755-FF7A4D0E50CE} = {374BF9B3-207B-4FC1-A4CC-BE4B34F25DF9}
		{6C6F0D36-02CB-4417-B157-3F36646A18EF} = {4CDA8DEE-5204-4A88-84AB-6CC13EF8412B}
		{7521C5EA-394A-474D-B783-F94062E8BB44} = {5B62473F-EC1F-4498-8821-CA0205EEE22B}
		{34DACCD4-323E-4F09-9A2C-7DEDA4FF3669} = {1D70A13C-7F4D-4500-9C26-A55C92C7AED9}
		{2CFBA846-0531-4409-8283-A4875589F300} = {6D37CF58-5C91-473E-9C00-FF741927F7BC}
		{ED437F71-46C7-4F4D-85A7-18EB0D8EB75B} = {2ABAD49D-AB9C-42AE-8755-FF7A4D0E50CE}
	EndGlobalSection
	GlobalSection(ExtensibilityGlobals) = postSolution
		SolutionGuid = {F7B5A8FB-3C19-47AA-BFE8-E1885609BB9B}
	EndGlobalSection
EndGlobal
